
Microsoft Visual Studio Solution File, Format Version 12.00
# Visual Studio 14
VisualStudioVersion = 14.0.25123.0
MinimumVisualStudioVersion = 10.0.40219.1
Project("{FAE04EC0-301F-11D3-BF4B-00C04F79EFBC}") = "JediMeditation", "JediMeditation\JediMeditation.csproj", "{F1842464-96A7-4BD5-BE0A-B01C13BBC451}"
EndProject
Project("{FAE04EC0-301F-11D3-BF4B-00C04F79EFBC}") = "Swapping", "Swapping\Swapping.csproj", "{1CE8B7CA-1E68-4D25-8FCE-3AB9FFF5F5FD}"
EndProject
Project("{FAE04EC0-301F-11D3-BF4B-00C04F79EFBC}") = "Swap-author", "Swap-author\Swap-author.csproj", "{D5E721C4-9E49-42F4-ABCF-A6266F189C04}"
EndProject
Project("{FAE04EC0-301F-11D3-BF4B-00C04F79EFBC}") = "Numerology-Author", "Numerology-Author\Numerology-Author.csproj", "{3720DCCD-3D49-4C14-BE46-AFD84FCF1985}"
EndProject
Project("{FAE04EC0-301F-11D3-BF4B-00C04F79EFBC}") = "pipe", "pipe\pipe.csproj", "{038AE2D0-4CBF-4BA9-8A09-072179DB38C8}"
EndProject
Project("{FAE04EC0-301F-11D3-BF4B-00C04F79EFBC}") = "Pipe_author", "Pipe_author\Pipe_author.csproj", "{379D1785-86E5-4B52-8F45-120769E7D4CE}"
EndProject
Project("{FAE04EC0-301F-11D3-BF4B-00C04F79EFBC}") = "mesuring", "mesuring\mesuring.csproj", "{C0ED029E-8A20-4A4D-986A-46F6FF9AB475}"
EndProject
Global
	GlobalSection(SolutionConfigurationPlatforms) = preSolution
		Debug|Any CPU = Debug|Any CPU
		Release|Any CPU = Release|Any CPU
	EndGlobalSection
	GlobalSection(ProjectConfigurationPlatforms) = postSolution
		{F1842464-96A7-4BD5-BE0A-B01C13BBC451}.Debug|Any CPU.ActiveCfg = Debug|Any CPU
		{F1842464-96A7-4BD5-BE0A-B01C13BBC451}.Debug|Any CPU.Build.0 = Debug|Any CPU
		{F1842464-96A7-4BD5-BE0A-B01C13BBC451}.Release|Any CPU.ActiveCfg = Release|Any CPU
		{F1842464-96A7-4BD5-BE0A-B01C13BBC451}.Release|Any CPU.Build.0 = Release|Any CPU
		{1CE8B7CA-1E68-4D25-8FCE-3AB9FFF5F5FD}.Debug|Any CPU.ActiveCfg = Debug|Any CPU
		{1CE8B7CA-1E68-4D25-8FCE-3AB9FFF5F5FD}.Debug|Any CPU.Build.0 = Debug|Any CPU
		{1CE8B7CA-1E68-4D25-8FCE-3AB9FFF5F5FD}.Release|Any CPU.ActiveCfg = Release|Any CPU
		{1CE8B7CA-1E68-4D25-8FCE-3AB9FFF5F5FD}.Release|Any CPU.Build.0 = Release|Any CPU
		{D5E721C4-9E49-42F4-ABCF-A6266F189C04}.Debug|Any CPU.ActiveCfg = Debug|Any CPU
		{D5E721C4-9E49-42F4-ABCF-A6266F189C04}.Debug|Any CPU.Build.0 = Debug|Any CPU
		{D5E721C4-9E49-42F4-ABCF-A6266F189C04}.Release|Any CPU.ActiveCfg = Release|Any CPU
		{D5E721C4-9E49-42F4-ABCF-A6266F189C04}.Release|Any CPU.Build.0 = Release|Any CPU
		{3720DCCD-3D49-4C14-BE46-AFD84FCF1985}.Debug|Any CPU.ActiveCfg = Debug|Any CPU
		{3720DCCD-3D49-4C14-BE46-AFD84FCF1985}.Debug|Any CPU.Build.0 = Debug|Any CPU
		{3720DCCD-3D49-4C14-BE46-AFD84FCF1985}.Release|Any CPU.ActiveCfg = Release|Any CPU
		{3720DCCD-3D49-4C14-BE46-AFD84FCF1985}.Release|Any CPU.Build.0 = Release|Any CPU
		{038AE2D0-4CBF-4BA9-8A09-072179DB38C8}.Debug|Any CPU.ActiveCfg = Debug|Any CPU
		{038AE2D0-4CBF-4BA9-8A09-072179DB38C8}.Debug|Any CPU.Build.0 = Debug|Any CPU
		{038AE2D0-4CBF-4BA9-8A09-072179DB38C8}.Release|Any CPU.ActiveCfg = Release|Any CPU
		{038AE2D0-4CBF-4BA9-8A09-072179DB38C8}.Release|Any CPU.Build.0 = Release|Any CPU
		{379D1785-86E5-4B52-8F45-120769E7D4CE}.Debug|Any CPU.ActiveCfg = Debug|Any CPU
		{379D1785-86E5-4B52-8F45-120769E7D4CE}.Debug|Any CPU.Build.0 = Debug|Any CPU
		{379D1785-86E5-4B52-8F45-120769E7D4CE}.Release|Any CPU.ActiveCfg = Release|Any CPU
		{379D1785-86E5-4B52-8F45-120769E7D4CE}.Release|Any CPU.Build.0 = Release|Any CPU
		{C0ED029E-8A20-4A4D-986A-46F6FF9AB475}.Debug|Any CPU.ActiveCfg = Debug|Any CPU
		{C0ED029E-8A20-4A4D-986A-46F6FF9AB475}.Debug|Any CPU.Build.0 = Debug|Any CPU
		{C0ED029E-8A20-4A4D-986A-46F6FF9AB475}.Release|Any CPU.ActiveCfg = Release|Any CPU
		{C0ED029E-8A20-4A4D-986A-46F6FF9AB475}.Release|Any CPU.Build.0 = Release|Any CPU
	EndGlobalSection
	GlobalSection(SolutionProperties) = preSolution
		HideSolutionNode = FALSE
	EndGlobalSection
EndGlobal
